{
  "name": "thoughtz-monorepo",
  "version": "0.1.0",
  "lockfileVersion": 3,
  "requires": true,
  "packages": {
    "": {
      "name": "thoughtz-monorepo",
      "version": "0.1.0",
      "dependencies": {
        "pnpm": "^10.17.1"
      }
    },
    "node_modules/pnpm": {
      "version": "10.17.1",
      "resolved": "https://registry.npmjs.org/pnpm/-/pnpm-10.17.1.tgz",
      "integrity": "sha512-F8Vg/KSGeulHOjiZrYSogzSRTzeb5G1FXL+S5c9LOdNJhdRS0lg7rxmWf6dstcF7yeJFUp0LmHRXIapyAOyveg==",
      "license": "MIT",
      "bin": {
        "pnpm": "bin/pnpm.cjs",
        "pnpx": "bin/pnpx.cjs"
      },
      "engines": {
        "node": ">=18.12"
      },
      "funding": {
        "url": "https://opencollective.com/pnpm"
      }
    }
  }
}
